<Solution Description="Visual Studio slnx file generated by Premake" Version="1.4">
  <Configurations>
    <BuildType Name="Debug" />
    <BuildType Name="Release" />
    <Platform Name="ARM64" />
    <Platform Name="Win32" />
    <Platform Name="x64" />
    <Platform Name="x64_asan" />
  </Configurations>
  <Project Path="MakeLZSA.vcxproj" Id="9D3338B7-8900-93C2-B219-816A9E45C850" DefaultStartup="true">
  </Project>
</Solution>